{
  "lockfileVersion": 1,
  "workspaces": {
    "": {
      "name": "clautinue",
      "dependencies": {
        "@inquirer/confirm": "^6.0.11",
        "@inquirer/search": "^4.1.7",
        "@inquirer/select": "^5.1.4",
      },
      "devDependencies": {
        "@types/bun": "latest",
      },
      "peerDependencies": {
        "typescript": "^5",
      },
    },
  },
  "packages": {
    "@inquirer/ansi": ["@inquirer/ansi@2.0.5", "", {}, "sha512-doc2sWgJpbFQ64UflSVd17ibMGDuxO1yKgOgLMwavzESnXjFWJqUeG8saYosqKpHp4kWiM5x1nXvEjbpx90gzw=="],

    "@inquirer/confirm": ["@inquirer/confirm@6.0.11", "", { "dependencies": { "@inquirer/core": "^11.1.8", "@inquirer/type": "^4.0.5" }, "peerDependencies": { "@types/node": ">=18" }, "optionalPeers": ["@types/node"] }, "sha512-pTpHjg0iEIRMYV/7oCZUMf27/383E6Wyhfc/MY+AVQGEoUobffIYWOK9YLP2XFRGz/9i6WlTQh1CkFVIo2Y7XA=="],

    "@inquirer/core": ["@inquirer/core@11.1.8", "", { "dependencies": { "@inquirer/ansi": "^2.0.5", "@inquirer/figures": "^2.0.5", "@inquirer/type": "^4.0.5", "cli-width": "^4.1.0", "fast-wrap-ansi": "^0.2.0", "mute-stream": "^3.0.0", "signal-exit": "^4.1.0" }, "peerDependencies": { "@types/node": ">=18" }, "optionalPeers": ["@types/node"] }, "sha512-/u+yJk2pOKNDOh1ZgdUH2RQaRx6OOH4I0uwL95qPvTFTIL38YBsuSC4r1yXBB3Q6JvNqFFc202gk0Ew79rrcjA=="],

    "@inquirer/figures": ["@inquirer/figures@2.0.5", "", {}, "sha512-NsSs4kzfm12lNetHwAn3GEuH317IzpwrMCbOuMIVytpjnJ90YYHNwdRgYGuKmVxwuIqSgqk3M5qqQt1cDk0tGQ=="],

    "@inquirer/search": ["@inquirer/search@4.1.7", "", { "dependencies": { "@inquirer/core": "^11.1.8", "@inquirer/figures": "^2.0.5", "@inquirer/type": "^4.0.5" }, "peerDependencies": { "@types/node": ">=18" }, "optionalPeers": ["@types/node"] }, "sha512-1y7+0N65AWk5RdlXH/Kn13txf3IjIQ7OEfhCEkDTU+h5wKMLq8DUF3P6z+/kLSxDGDtQT1dRBWEUC3o/VvImsQ=="],

    "@inquirer/select": ["@inquirer/select@5.1.4", "", { "dependencies": { "@inquirer/ansi": "^2.0.5", "@inquirer/core": "^11.1.9", "@inquirer/figures": "^2.0.5", "@inquirer/type": "^4.0.5" }, "peerDependencies": { "@types/node": ">=18" }, "optionalPeers": ["@types/node"] }, "sha512-2kWcGKPMLAXAWRp1AH1SLsQmX+j0QjeljyXMUji9WMZC8nRDO0b7qquIGr6143E7KMLt3VAIGNXzwa/6PXQs4Q=="],

    "@inquirer/type": ["@inquirer/type@4.0.5", "", { "peerDependencies": { "@types/node": ">=18" }, "optionalPeers": ["@types/node"] }, "sha512-aetVUNeKNc/VriqXlw1NRSW0zhMBB0W4bNbWRJgzRl/3d0QNDQFfk0GO5SDdtjMZVg6o8ZKEiadd7SCCzoOn5Q=="],

    "@types/bun": ["@types/bun@1.3.11", "", { "dependencies": { "bun-types": "1.3.11" } }, "sha512-5vPne5QvtpjGpsGYXiFyycfpDF2ECyPcTSsFBMa0fraoxiQyMJ3SmuQIGhzPg2WJuWxVBoxWJ2kClYTcw/4fAg=="],

    "@types/node": ["@types/node@25.5.2", "", { "dependencies": { "undici-types": "~7.18.0" } }, "sha512-tO4ZIRKNC+MDWV4qKVZe3Ql/woTnmHDr5JD8UI5hn2pwBrHEwOEMZK7WlNb5RKB6EoJ02gwmQS9OrjuFnZYdpg=="],

    "bun-types": ["bun-types@1.3.11", "", { "dependencies": { "@types/node": "*" } }, "sha512-1KGPpoxQWl9f6wcZh57LvrPIInQMn2TQ7jsgxqpRzg+l0QPOFvJVH7HmvHo/AiPgwXy+/Thf6Ov3EdVn1vOabg=="],

    "cli-width": ["cli-width@4.1.0", "", {}, "sha512-ouuZd4/dm2Sw5Gmqy6bGyNNNe1qt9RpmxveLSO7KcgsTnU7RXfsw+/bukWGo1abgBiMAic068rclZsO4IWmmxQ=="],

    "fast-string-truncated-width": ["fast-string-truncated-width@3.0.3", "", {}, "sha512-0jjjIEL6+0jag3l2XWWizO64/aZVtpiGE3t0Zgqxv0DPuxiMjvB3M24fCyhZUO4KomJQPj3LTSUnDP3GpdwC0g=="],

    "fast-string-width": ["fast-string-width@3.0.2", "", { "dependencies": { "fast-string-truncated-width": "^3.0.2" } }, "sha512-gX8LrtNEI5hq8DVUfRQMbr5lpaS4nMIWV+7XEbXk2b8kiQIizgnlr12B4dA3ZEx3308ze0O4Q1R+cHts8kyUJg=="],

    "fast-wrap-ansi": ["fast-wrap-ansi@0.2.0", "", { "dependencies": { "fast-string-width": "^3.0.2" } }, "sha512-rLV8JHxTyhVmFYhBJuMujcrHqOT2cnO5Zxj37qROj23CP39GXubJRBUFF0z8KFK77Uc0SukZUf7JZhsVEQ6n8w=="],

    "mute-stream": ["mute-stream@3.0.0", "", {}, "sha512-dkEJPVvun4FryqBmZ5KhDo0K9iDXAwn08tMLDinNdRBNPcYEDiWYysLcc6k3mjTMlbP9KyylvRpd4wFtwrT9rw=="],

    "signal-exit": ["signal-exit@4.1.0", "", {}, "sha512-bzyZ1e88w9O1iNJbKnOlvYTrWPDl46O1bG0D3XInv+9tkPrxrN8jUUTiFlDkkmKWgn1M6CfIA13SuGqOa9Korw=="],

    "typescript": ["typescript@5.9.3", "", { "bin": { "tsc": "bin/tsc", "tsserver": "bin/tsserver" } }, "sha512-jl1vZzPDinLr9eUt3J/t7V6FgNEw9QjvBPdysz9KfQDD41fQrC2Y4vKQdiaUpFT4bXlb1RHhLpp8wtm6M5TgSw=="],

    "undici-types": ["undici-types@7.18.2", "", {}, "sha512-AsuCzffGHJybSaRrmr5eHr81mwJU3kjw6M+uprWvCXiNeN9SOGwQ3Jn8jb8m3Z6izVgknn1R0FTCEAP2QrLY/w=="],

    "@inquirer/select/@inquirer/core": ["@inquirer/core@11.1.9", "", { "dependencies": { "@inquirer/ansi": "^2.0.5", "@inquirer/figures": "^2.0.5", "@inquirer/type": "^4.0.5", "cli-width": "^4.1.0", "fast-wrap-ansi": "^0.2.0", "mute-stream": "^3.0.0", "signal-exit": "^4.1.0" }, "peerDependencies": { "@types/node": ">=18" }, "optionalPeers": ["@types/node"] }, "sha512-BDE4fG22uYh1bGSifcj7JSx119TVYNViMhMu85usp4Fswrzh6M0DV3yld64jA98uOAa2GSQ4Bg4bZRm2d2cwSg=="],
  }
}
